{
  "requires": true,
  "lockfileVersion": 1,
  "dependencies": {
    "@angular/animations": {
      "version": "4.4.0-RC.0",
      "resolved": "https://registry.npmjs.org/@angular/animations/-/animations-4.4.0-RC.0.tgz",
      "integrity": "sha1-z9WTfOEeq6A64+vXeLCHG3dTlmU=",
      "requires": {
        "tslib": "1.7.1"
      }
    },
    "@angular/cdk": {
      "version": "2.0.0-beta.10",
      "resolved": "https://registry.npmjs.org/@angular/cdk/-/cdk-2.0.0-beta.10.tgz",
      "integrity": "sha512-G0RvzxItfPy8JEdnyV/10GryE3zHehm3bUJ7U9dwYKhAzhye+MX0P6rs8VEmbClJb5SuZDr0ZZ53vbHhHsUh6A==",
      "requires": {
        "tslib": "1.7.1"
      }
    },
    "@angular/material": {
      "version": "2.0.0-beta.10",
      "resolved": "https://registry.npmjs.org/@angular/material/-/material-2.0.0-beta.10.tgz",
      "integrity": "sha512-KAQ2t9wenI55oXkjjT6E4VGUSVu7AZmR+ytnaP96VBFk18wxcGnVaTbQmCvVm/vkbcdeoSF09D6ic94DHAE+1A==",
      "requires": {
        "tslib": "1.7.1"
      }
    },
    "ng2-expansion-panels": {
      "version": "0.0.6",
      "resolved": "https://registry.npmjs.org/ng2-expansion-panels/-/ng2-expansion-panels-0.0.6.tgz",
      "integrity": "sha1-oe8ej+FeOKw7vbcbsO7HBzQlnuo="
    },
    "tslib": {
      "version": "1.7.1",
      "resolved": "https://registry.npmjs.org/tslib/-/tslib-1.7.1.tgz",
      "integrity": "sha1-vIAEFkaRkjp5/oN4u+s9ogF1OOw="
    }
  }
}
